
Microsoft Visual Studio Solution File, Format Version 12.00
# Visual Studio Version 17
VisualStudioVersion = 17.6.33723.286
MinimumVisualStudioVersion = 10.0.40219.1
Project("{FAE04EC0-301F-11D3-BF4B-00C04F79EFBC}") = "ApiRestBilling", "ApiRestBilling\ApiRestBilling.csproj", "{9D80CFAB-0DEB-45C0-AC77-F288934485AA}"
EndProject
Global
	GlobalSection(SolutionConfigurationPlatforms) = preSolution
		Debug|Any CPU = Debug|Any CPU
		Release|Any CPU = Release|Any CPU
	EndGlobalSection
	GlobalSection(ProjectConfigurationPlatforms) = postSolution
		{9D80CFAB-0DEB-45C0-AC77-F288934485AA}.Debug|Any CPU.ActiveCfg = Debug|Any CPU
		{9D80CFAB-0DEB-45C0-AC77-F288934485AA}.Debug|Any CPU.Build.0 = Debug|Any CPU
		{9D80CFAB-0DEB-45C0-AC77-F288934485AA}.Release|Any CPU.ActiveCfg = Release|Any CPU
		{9D80CFAB-0DEB-45C0-AC77-F288934485AA}.Release|Any CPU.Build.0 = Release|Any CPU
	EndGlobalSection
	GlobalSection(SolutionProperties) = preSolution
		HideSolutionNode = FALSE
	EndGlobalSection
	GlobalSection(ExtensibilityGlobals) = postSolution
		SolutionGuid = {0B37B594-5DDB-49CA-A63D-CA0614BE95C4}
	EndGlobalSection
EndGlobal
